
Microsoft Visual Studio Solution File, Format Version 12.00
# Visual Studio Version 16
VisualStudioVersion = 16.0.31410.357
MinimumVisualStudioVersion = 10.0.40219.1
Project("{FAE04EC0-301F-11D3-BF4B-00C04F79EFBC}") = "Logical_Programming", "Logical_Programming\Logical_Programming.csproj", "{26A0DF38-5478-45E0-9C9F-3AF79D9BAF0C}"
EndProject
Global
	GlobalSection(SolutionConfigurationPlatforms) = preSolution
		Debug|Any CPU = Debug|Any CPU
		Release|Any CPU = Release|Any CPU
	EndGlobalSection
	GlobalSection(ProjectConfigurationPlatforms) = postSolution
		{26A0DF38-5478-45E0-9C9F-3AF79D9BAF0C}.Debug|Any CPU.ActiveCfg = Debug|Any CPU
		{26A0DF38-5478-45E0-9C9F-3AF79D9BAF0C}.Debug|Any CPU.Build.0 = Debug|Any CPU
		{26A0DF38-5478-45E0-9C9F-3AF79D9BAF0C}.Release|Any CPU.ActiveCfg = Release|Any CPU
		{26A0DF38-5478-45E0-9C9F-3AF79D9BAF0C}.Release|Any CPU.Build.0 = Release|Any CPU
	EndGlobalSection
	GlobalSection(SolutionProperties) = preSolution
		HideSolutionNode = FALSE
	EndGlobalSection
	GlobalSection(ExtensibilityGlobals) = postSolution
		SolutionGuid = {94F0BE19-D2AE-4990-8B71-173FA7E8E825}
	EndGlobalSection
EndGlobal
